
Microsoft Visual Studio Solution File, Format Version 12.00
# Visual Studio Version 17
VisualStudioVersion = 17.14.36518.9 d17.14
MinimumVisualStudioVersion = 10.0.40219.1
Project("{FAE04EC0-301F-11D3-BF4B-00C04F79EFBC}") = "Quiz Api", "Quiz Api\Quiz Api.csproj", "{697F0432-19C8-426E-97F1-2A2D2F0D330A}"
EndProject
Global
	GlobalSection(SolutionConfigurationPlatforms) = preSolution
		Debug|Any CPU = Debug|Any CPU
		Release|Any CPU = Release|Any CPU
	EndGlobalSection
	GlobalSection(ProjectConfigurationPlatforms) = postSolution
		{697F0432-19C8-426E-97F1-2A2D2F0D330A}.Debug|Any CPU.ActiveCfg = Debug|Any CPU
		{697F0432-19C8-426E-97F1-2A2D2F0D330A}.Debug|Any CPU.Build.0 = Debug|Any CPU
		{697F0432-19C8-426E-97F1-2A2D2F0D330A}.Release|Any CPU.ActiveCfg = Release|Any CPU
		{697F0432-19C8-426E-97F1-2A2D2F0D330A}.Release|Any CPU.Build.0 = Release|Any CPU
	EndGlobalSection
	GlobalSection(SolutionProperties) = preSolution
		HideSolutionNode = FALSE
	EndGlobalSection
	GlobalSection(ExtensibilityGlobals) = postSolution
		SolutionGuid = {AB27724A-2551-4355-9C98-A1EC6A3F1135}
	EndGlobalSection
EndGlobal
